// !$*UTF8*$!
{
	archiveVersion = 1;
	classes = {
	};
	objectVersion = 46;
	objects = {

/* Begin PBXBuildFile section */
		2CB7DD9A1E9FE3F2009D340F /* cMain.cpp in Sources */ = {isa = PBXBuildFile; fileRef = 2CB7DD931E9FE3F2009D340F /* cMain.cpp */; };
		2CB7DD9B1E9FE3F2009D340F /* helperFunctions.cpp in Sources */ = {isa = PBXBuildFile; fileRef = 2CB7DD941E9FE3F2009D340F /* helperFunctions.cpp */; };
		2CB7DD9C1E9FE3F2009D340F /* logProbIPNew.cpp in Sources */ = {isa = PBXBuildFile; fileRef = 2CB7DD951E9FE3F2009D340F /* logProbIPNew.cpp */; };
		2CB7DD9D1E9FE3F2009D340F /* pdfSamplingMonteCarloIntegration.cpp in Sources */ = {isa = PBXBuildFile; fileRef = 2CB7DD981E9FE3F2009D340F /* pdfSamplingMonteCarloIntegration.cpp */; };
		2CB7DD9E1E9FE3F2009D340F /* uniformMonteCarloIntegration.cpp in Sources */ = {isa = PBXBuildFile; fileRef = 2CB7DD991E9FE3F2009D340F /* uniformMonteCarloIntegration.cpp */; };
		2CB7DDA01EA076B3009D340F /* bruteForceMonteCarloIntegration.cpp in Sources */ = {isa = PBXBuildFile; fileRef = 2CB7DD9F1EA076B3009D340F /* bruteForceMonteCarloIntegration.cpp */; };
		2CB7DDA21EA58F4D009D340F /* hybridMonteCarloIntegration.cpp in Sources */ = {isa = PBXBuildFile; fileRef = 2CB7DDA11EA58F4D009D340F /* hybridMonteCarloIntegration.cpp */; };
/* End PBXBuildFile section */

/* Begin PBXCopyFilesBuildPhase section */
		2CF93A7C1E84663E0018CE5B /* CopyFiles */ = {
			isa = PBXCopyFilesBuildPhase;
			buildActionMask = 2147483647;
			dstPath = /usr/share/man/man1/;
			dstSubfolderSpec = 0;
			files = (
			);
			runOnlyForDeploymentPostprocessing = 1;
		};
/* End PBXCopyFilesBuildPhase section */

/* Begin PBXFileReference section */
		2CB7DD931E9FE3F2009D340F /* cMain.cpp */ = {isa = PBXFileReference; fileEncoding = 4; lastKnownFileType = sourcecode.cpp.cpp; name = cMain.cpp; path = ../../src/cMain.cpp; sourceTree = "<group>"; };
		2CB7DD941E9FE3F2009D340F /* helperFunctions.cpp */ = {isa = PBXFileReference; fileEncoding = 4; lastKnownFileType = sourcecode.cpp.cpp; name = helperFunctions.cpp; path = ../../src/helperFunctions.cpp; sourceTree = "<group>"; };
		2CB7DD951E9FE3F2009D340F /* logProbIPNew.cpp */ = {isa = PBXFileReference; fileEncoding = 4; lastKnownFileType = sourcecode.cpp.cpp; name = logProbIPNew.cpp; path = ../../src/logProbIPNew.cpp; sourceTree = "<group>"; };
		2CB7DD961E9FE3F2009D340F /* logProbIPNew.h */ = {isa = PBXFileReference; fileEncoding = 4; lastKnownFileType = sourcecode.c.h; name = logProbIPNew.h; path = ../../src/logProbIPNew.h; sourceTree = "<group>"; };
		2CB7DD971E9FE3F2009D340F /* metropolisHastings.h */ = {isa = PBXFileReference; fileEncoding = 4; lastKnownFileType = sourcecode.c.h; name = metropolisHastings.h; path = ../../src/metropolisHastings.h; sourceTree = "<group>"; };
		2CB7DD981E9FE3F2009D340F /* pdfSamplingMonteCarloIntegration.cpp */ = {isa = PBXFileReference; fileEncoding = 4; lastKnownFileType = sourcecode.cpp.cpp; name = pdfSamplingMonteCarloIntegration.cpp; path = ../../src/pdfSamplingMonteCarloIntegration.cpp; sourceTree = "<group>"; };
		2CB7DD991E9FE3F2009D340F /* uniformMonteCarloIntegration.cpp */ = {isa = PBXFileReference; fileEncoding = 4; lastKnownFileType = sourcecode.cpp.cpp; name = uniformMonteCarloIntegration.cpp; path = ../../src/uniformMonteCarloIntegration.cpp; sourceTree = "<group>"; };
		2CB7DD9F1EA076B3009D340F /* bruteForceMonteCarloIntegration.cpp */ = {isa = PBXFileReference; fileEncoding = 4; lastKnownFileType = sourcecode.cpp.cpp; name = bruteForceMonteCarloIntegration.cpp; path = ../../src/bruteForceMonteCarloIntegration.cpp; sourceTree = "<group>"; };
		2CB7DDA11EA58F4D009D340F /* hybridMonteCarloIntegration.cpp */ = {isa = PBXFileReference; fileEncoding = 4; lastKnownFileType = sourcecode.cpp.cpp; name = hybridMonteCarloIntegration.cpp; path = ../../src/hybridMonteCarloIntegration.cpp; sourceTree = "<group>"; };
		2CF93A7E1E84663F0018CE5B /* ipDebugger */ = {isa = PBXFileReference; explicitFileType = "compiled.mach-o.executable"; includeInIndex = 0; path = ipDebugger; sourceTree = BUILT_PRODUCTS_DIR; };
/* End PBXFileReference section */

/* Begin PBXFrameworksBuildPhase section */
		2CF93A7B1E84663E0018CE5B /* Frameworks */ = {
			isa = PBXFrameworksBuildPhase;
			buildActionMask = 2147483647;
			files = (
			);
			runOnlyForDeploymentPostprocessing = 0;
		};
/* End PBXFrameworksBuildPhase section */

/* Begin PBXGroup section */
		2CF93A751E84663E0018CE5B = {
			isa = PBXGroup;
			children = (
				2CF93A801E84663F0018CE5B /* ipDebugger */,
				2CF93A7F1E84663F0018CE5B /* Products */,
			);
			sourceTree = "<group>";
		};
		2CF93A7F1E84663F0018CE5B /* Products */ = {
			isa = PBXGroup;
			children = (
				2CF93A7E1E84663F0018CE5B /* ipDebugger */,
			);
			name = Products;
			sourceTree = "<group>";
		};
		2CF93A801E84663F0018CE5B /* ipDebugger */ = {
			isa = PBXGroup;
			children = (
				2CB7DDA11EA58F4D009D340F /* hybridMonteCarloIntegration.cpp */,
				2CB7DD9F1EA076B3009D340F /* bruteForceMonteCarloIntegration.cpp */,
				2CB7DD931E9FE3F2009D340F /* cMain.cpp */,
				2CB7DD941E9FE3F2009D340F /* helperFunctions.cpp */,
				2CB7DD951E9FE3F2009D340F /* logProbIPNew.cpp */,
				2CB7DD961E9FE3F2009D340F /* logProbIPNew.h */,
				2CB7DD971E9FE3F2009D340F /* metropolisHastings.h */,
				2CB7DD981E9FE3F2009D340F /* pdfSamplingMonteCarloIntegration.cpp */,
				2CB7DD991E9FE3F2009D340F /* uniformMonteCarloIntegration.cpp */,
			);
			path = ipDebugger;
			sourceTree = "<group>";
		};
/* End PBXGroup section */

/* Begin PBXNativeTarget section */
		2CF93A7D1E84663E0018CE5B /* ipDebugger */ = {
			isa = PBXNativeTarget;
			buildConfigurationList = 2CF93A851E84663F0018CE5B /* Build configuration list for PBXNativeTarget "ipDebugger" */;
			buildPhases = (
				2CF93A7A1E84663E0018CE5B /* Sources */,
				2CF93A7B1E84663E0018CE5B /* Frameworks */,
				2CF93A7C1E84663E0018CE5B /* CopyFiles */,
			);
			buildRules = (
			);
			dependencies = (
			);
			name = ipDebugger;
			productName = ipDebugger;
			productReference = 2CF93A7E1E84663F0018CE5B /* ipDebugger */;
			productType = "com.apple.product-type.tool";
		};
/* End PBXNativeTarget section */

/* Begin PBXProject section */
		2CF93A761E84663E0018CE5B /* Project object */ = {
			isa = PBXProject;
			attributes = {
				LastUpgradeCheck = 0820;
				ORGANIZATIONNAME = me;
				TargetAttributes = {
					2CF93A7D1E84663E0018CE5B = {
						CreatedOnToolsVersion = 8.2.1;
						ProvisioningStyle = Automatic;
					};
				};
			};
			buildConfigurationList = 2CF93A791E84663E0018CE5B /* Build configuration list for PBXProject "ipDebugger" */;
			compatibilityVersion = "Xcode 3.2";
			developmentRegion = English;
			hasScannedForEncodings = 0;
			knownRegions = (
				en,
			);
			mainGroup = 2CF93A751E84663E0018CE5B;
			productRefGroup = 2CF93A7F1E84663F0018CE5B /* Products */;
			projectDirPath = "";
			projectRoot = "";
			targets = (
				2CF93A7D1E84663E0018CE5B /* ipDebugger */,
			);
		};
/* End PBXProject section */

/* Begin PBXSourcesBuildPhase section */
		2CF93A7A1E84663E0018CE5B /* Sources */ = {
			isa = PBXSourcesBuildPhase;
			buildActionMask = 2147483647;
			files = (
				2CB7DD9C1E9FE3F2009D340F /* logProbIPNew.cpp in Sources */,
				2CB7DDA01EA076B3009D340F /* bruteForceMonteCarloIntegration.cpp in Sources */,
				2CB7DDA21EA58F4D009D340F /* hybridMonteCarloIntegration.cpp in Sources */,
				2CB7DD9E1E9FE3F2009D340F /* uniformMonteCarloIntegration.cpp in Sources */,
				2CB7DD9A1E9FE3F2009D340F /* cMain.cpp in Sources */,
				2CB7DD9D1E9FE3F2009D340F /* pdfSamplingMonteCarloIntegration.cpp in Sources */,
				2CB7DD9B1E9FE3F2009D340F /* helperFunctions.cpp in Sources */,
			);
			runOnlyForDeploymentPostprocessing = 0;
		};
/* End PBXSourcesBuildPhase section */

/* Begin XCBuildConfiguration section */
		2CF93A831E84663F0018CE5B /* Debug */ = {
			isa = XCBuildConfiguration;
			buildSettings = {
				ALWAYS_SEARCH_USER_PATHS = NO;
				CLANG_ANALYZER_NONNULL = YES;
				CLANG_CXX_LANGUAGE_STANDARD = "gnu++0x";
				CLANG_CXX_LIBRARY = "libc++";
				CLANG_ENABLE_MODULES = YES;
				CLANG_ENABLE_OBJC_ARC = YES;
				CLANG_WARN_BOOL_CONVERSION = YES;
				CLANG_WARN_CONSTANT_CONVERSION = YES;
				CLANG_WARN_DIRECT_OBJC_ISA_USAGE = YES_ERROR;
				CLANG_WARN_DOCUMENTATION_COMMENTS = YES;
				CLANG_WARN_EMPTY_BODY = YES;
				CLANG_WARN_ENUM_CONVERSION = YES;
				CLANG_WARN_INFINITE_RECURSION = YES;
				CLANG_WARN_INT_CONVERSION = YES;
				CLANG_WARN_OBJC_ROOT_CLASS = YES_ERROR;
				CLANG_WARN_SUSPICIOUS_MOVE = YES;
				CLANG_WARN_UNREACHABLE_CODE = YES;
				CLANG_WARN__DUPLICATE_METHOD_MATCH = YES;
				CODE_SIGN_IDENTITY = "-";
				COPY_PHASE_STRIP = NO;
				DEBUG_INFORMATION_FORMAT = dwarf;
				ENABLE_STRICT_OBJC_MSGSEND = YES;
				ENABLE_TESTABILITY = YES;
				GCC_C_LANGUAGE_STANDARD = gnu99;
				GCC_DYNAMIC_NO_PIC = NO;
				GCC_NO_COMMON_BLOCKS = YES;
				GCC_OPTIMIZATION_LEVEL = 0;
				GCC_PREPROCESSOR_DEFINITIONS = (
					"DEBUG=1",
					"$(inherited)",
				);
				GCC_WARN_64_TO_32_BIT_CONVERSION = YES;
				GCC_WARN_ABOUT_RETURN_TYPE = YES_ERROR;
				GCC_WARN_UNDECLARED_SELECTOR = YES;
				GCC_WARN_UNINITIALIZED_AUTOS = YES_AGGRESSIVE;
				GCC_WARN_UNUSED_FUNCTION = YES;
				GCC_WARN_UNUSED_VARIABLE = YES;
				MACOSX_DEPLOYMENT_TARGET = 10.11;
				MTL_ENABLE_DEBUG_INFO = YES;
				ONLY_ACTIVE_ARCH = YES;
				"OTHER_LDFLAGS[arch=*]" = (
					"-I/usr/local/include",
					"-L/usr/local/lib",
					"-lgsl",
					"-lgslcblas",
				);
				SDKROOT = macosx;
			};
			name = Debug;
		};
		2CF93A841E84663F0018CE5B /* Release */ = {
			isa = XCBuildConfiguration;
			buildSettings = {
				ALWAYS_SEARCH_USER_PATHS = NO;
				CLANG_ANALYZER_NONNULL = YES;
				CLANG_CXX_LANGUAGE_STANDARD = "gnu++0x";
				CLANG_CXX_LIBRARY = "libc++";
				CLANG_ENABLE_MODULES = YES;
				CLANG_ENABLE_OBJC_ARC = YES;
				CLANG_WARN_BOOL_CONVERSION = YES;
				CLANG_WARN_CONSTANT_CONVERSION = YES;
				CLANG_WARN_DIRECT_OBJC_ISA_USAGE = YES_ERROR;
				CLANG_WARN_DOCUMENTATION_COMMENTS = YES;
				CLANG_WARN_EMPTY_BODY = YES;
				CLANG_WARN_ENUM_CONVERSION = YES;
				CLANG_WARN_INFINITE_RECURSION = YES;
				CLANG_WARN_INT_CONVERSION = YES;
				CLANG_WARN_OBJC_ROOT_CLASS = YES_ERROR;
				CLANG_WARN_SUSPICIOUS_MOVE = YES;
				CLANG_WARN_UNREACHABLE_CODE = YES;
				CLANG_WARN__DUPLICATE_METHOD_MATCH = YES;
				CODE_SIGN_IDENTITY = "-";
				COPY_PHASE_STRIP = NO;
				DEBUG_INFORMATION_FORMAT = "dwarf-with-dsym";
				ENABLE_NS_ASSERTIONS = NO;
				ENABLE_STRICT_OBJC_MSGSEND = YES;
				GCC_C_LANGUAGE_STANDARD = gnu99;
				GCC_NO_COMMON_BLOCKS = YES;
				GCC_WARN_64_TO_32_BIT_CONVERSION = YES;
				GCC_WARN_ABOUT_RETURN_TYPE = YES_ERROR;
				GCC_WARN_UNDECLARED_SELECTOR = YES;
				GCC_WARN_UNINITIALIZED_AUTOS = YES_AGGRESSIVE;
				GCC_WARN_UNUSED_FUNCTION = YES;
				GCC_WARN_UNUSED_VARIABLE = YES;
				"LIBRARY_SEARCH_PATHS[arch=*]" = "";
				MACOSX_DEPLOYMENT_TARGET = 10.11;
				MTL_ENABLE_DEBUG_INFO = NO;
				"OTHER_LDFLAGS[arch=*]" = (
					"-I/usr/local/include",
					"-L/usr/local/lib",
					"-lgsl",
					"-lgslcblas",
				);
				SDKROOT = macosx;
			};
			name = Release;
		};
		2CF93A861E84663F0018CE5B /* Debug */ = {
			isa = XCBuildConfiguration;
			buildSettings = {
				"HEADER_SEARCH_PATHS[arch=*]" = /usr/local/include;
				"LIBRARY_SEARCH_PATHS[arch=*]" = /usr/local/lib;
				"OTHER_CPLUSPLUSFLAGS[arch=*]" = "$(OTHER_CFLAGS)";
				"OTHER_LDFLAGS[arch=*]" = (
					"-I/usr/local/include",
					"-L/usr/local/lib",
					"-lgsl",
					"-lgslcblas",
				);
				PRODUCT_NAME = "$(TARGET_NAME)";
			};
			name = Debug;
		};
		2CF93A871E84663F0018CE5B /* Release */ = {
			isa = XCBuildConfiguration;
			buildSettings = {
				"HEADER_SEARCH_PATHS[arch=*]" = /usr/local/include;
				"LIBRARY_SEARCH_PATHS[arch=*]" = /usr/local/lib;
				"OTHER_LDFLAGS[arch=*]" = (
					"-I/usr/local/include",
					"-L/usr/local/lib",
					"-lgsl",
					"-lgslcblas",
				);
				PRODUCT_NAME = "$(TARGET_NAME)";
			};
			name = Release;
		};
/* End XCBuildConfiguration section */

/* Begin XCConfigurationList section */
		2CF93A791E84663E0018CE5B /* Build configuration list for PBXProject "ipDebugger" */ = {
			isa = XCConfigurationList;
			buildConfigurations = (
				2CF93A831E84663F0018CE5B /* Debug */,
				2CF93A841E84663F0018CE5B /* Release */,
			);
			defaultConfigurationIsVisible = 0;
			defaultConfigurationName = Release;
		};
		2CF93A851E84663F0018CE5B /* Build configuration list for PBXNativeTarget "ipDebugger" */ = {
			isa = XCConfigurationList;
			buildConfigurations = (
				2CF93A861E84663F0018CE5B /* Debug */,
				2CF93A871E84663F0018CE5B /* Release */,
			);
			defaultConfigurationIsVisible = 0;
			defaultConfigurationName = Release;
		};
/* End XCConfigurationList section */
	};
	rootObject = 2CF93A761E84663E0018CE5B /* Project object */;
}
